{
  "object": {
    "pins": [
      {
        "package": "PINCache",
        "repositoryURL": "https://github.com/pinterest/PINCache.git",
        "state": {
          "branch": null,
          "revision": "875c654984fb52b47ca65ae70d24852b0003ccd9",
          "version": "3.0.3"
        }
      },
      {
        "package": "PINOperation",
        "repositoryURL": "https://github.com/pinterest/PINOperation.git",
        "state": {
          "branch": null,
          "revision": "44d8ca154a4e75a028a5548c31ff3a53b90cef15",
          "version": "1.2.1"
        }
      },
      {
        "package": "SDWebImage",
        "repositoryURL": "https://github.com/SDWebImage/SDWebImage.git",
        "state": {
          "branch": null,
          "revision": "a6b6e44eadf0d39250c10a7cc0e3b91d0bdb0e94",
          "version": "5.10.4"
        }
      }
    ]
  },
  "version": 1
}
